{
  "version": 3,
  "targets": {
    "net10.0/win-x64": {
      "abel.tool/0.1.0": {
        "type": "package",
        "tools": {
          "tools/net10.0/any/Abel.Core.dll": {},
          "tools/net10.0/any/Abel.Core.pdb": {},
          "tools/net10.0/any/Abel.Core.xml": {},
          "tools/net10.0/any/Abel.deps.json": {},
          "tools/net10.0/any/Abel.dll": {},
          "tools/net10.0/any/Abel.pdb": {},
          "tools/net10.0/any/Abel.runtimeconfig.json": {},
          "tools/net10.0/any/Abel.xml": {},
          "tools/net10.0/any/CliWrap.dll": {},
          "tools/net10.0/any/DotnetToolSettings.xml": {}
        }
      }
    }
  },
  "libraries": {},
  "projectFileDependencyGroups": {}
}